{
  "name": "consumo-loja",
  "version": "1.0.0",
  "lockfileVersion": 3,
  "requires": true,
  "packages": {
    "": {
      "name": "consumo-loja",
      "version": "1.0.0",
      "dependencies": {
        "@neondatabase/serverless": "^1.0.1",
        "node-firebird": "^1.1.6"
      }
    },
    "node_modules/@neondatabase/serverless": {
      "version": "1.1.0",
      "resolved": "https://registry.npmjs.org/@neondatabase/serverless/-/serverless-1.1.0.tgz",
      "integrity": "sha512-r3ZZhRjEcfEdKIZnoB1RusNgvHuaBRqfCzV4Gi+5A9yUX0S4HTws/ASWqt13wL4y4I+0rqsWGdA2w7EQXHi3+Q==",
      "engines": {
        "node": ">=19.0.0"
      }
    },
    "node_modules/big-integer": {
      "version": "1.6.52",
      "resolved": "https://registry.npmjs.org/big-integer/-/big-integer-1.6.52.tgz",
      "integrity": "sha512-QxD8cf2eVqJOOz63z6JIN9BzvVs/dlySa5HGSBH5xtR8dPteIRQnBxxKqkNTiT6jbDTF6jAfrd4oMcND9RGbQg==",
      "engines": {
        "node": ">=0.6"
      }
    },
    "node_modules/long": {
      "version": "5.3.2",
      "resolved": "https://registry.npmjs.org/long/-/long-5.3.2.tgz",
      "integrity": "sha512-mNAgZ1GmyNhD7AuqnTG3/VQ26o760+ZYBPKjPvugO8+nLbYfX6TVpJPseBvopbdY+qpZ/lKUnmEc1LeZYS3QAA=="
    },
    "node_modules/node-firebird": {
      "version": "1.1.10",
      "resolved": "https://registry.npmjs.org/node-firebird/-/node-firebird-1.1.10.tgz",
      "integrity": "sha512-/U2DmoqidETduvh7Y+fX7dlo5aWc0Vjd7wjSnDQWZ/L0UFVJiOKtR8fPRbvn+3HxQiYeexco8W2Px2hdrDT2Ew==",
      "dependencies": {
        "big-integer": "^1.6.51",
        "long": "^5.2.3"
      }
    }
  }
}
